[metadata]
lock_version = 2
declaration_hash_version = 1
declaration_hash = "sha256:8a4b81d00ec70fdb930b8f1c5324b27f7087339e3cb903e1d177f26cf1278e55"
generated_by = "ocx 0.4.3"
generated_at = "2026-07-27T10:11:48Z"

[[tool]]
name = "cli"
group = "default"
repository = "dev.ocx.sh/ocx/cli"

[tool.platforms]
"darwin/amd64" = "sha256:4ab509e963ef69b4932a250896adc086097d438251419ed7ef823b4638e08e32"
"darwin/arm64" = "sha256:d72ae0a7ebcfacdc2c0a76bc7a7e975a0e93bd22837eb1125cac1e935ff18659"
"linux/amd64" = "sha256:daab95222b762ff88ed9786603b18f4d40d2769896885cfedf2bacc64478aa19"
"linux/arm64" = "sha256:3f1880bb742dbbde3e8789a20551efd649ce909be2290fd3f9c7dbf089e0a6e1"
"windows/amd64" = "sha256:5fa4ba80c4cdde2c8f8894acff7afb948a1c9c93eff58c000bc52534694dd4bd"
"windows/arm64" = "sha256:db4a860abfda209ce45814c66f7897cc04cb9aeba5154fbc15f7c734acf28082"

[[tool]]
name = "mirror"
group = "default"
repository = "dev.ocx.sh/ocx/mirror"

[tool.platforms]
"darwin/amd64" = "sha256:ab1d3de986a5ebb228359c182892f099c1693187c03175c256970de20dd3bcbd"
"darwin/arm64" = "sha256:7c9c2cde381bf07fd2592807079cb12d028378408377b92b4a0dc9df3ff53773"
"linux/amd64" = "sha256:58a6d013a61d7779eaf070e72ea76dedbdf4eb2dbd4af4745dfc4df7a9dd511b"
"linux/arm64" = "sha256:9f00cfa7bcafe563522de3621bf2c1ae618e68fb59a81da8ef5dda2f733d142a"
"windows/amd64" = "sha256:611995a474a5f053371a81c2fbbd7bc7ab6377165fb96322f99a3bf7e99ec2b0"
"windows/arm64" = "sha256:bde0f8cd7c10fa9fe45c8e0772ef8b405b91bea804a34526df15789f02122c0d"
