[metadata]
lock_version = 2
declaration_hash_version = 1
declaration_hash = "sha256:8a4b81d00ec70fdb930b8f1c5324b27f7087339e3cb903e1d177f26cf1278e55"
generated_by = "ocx 0.4.3"
generated_at = "2026-07-27T09:32:23Z"

[[tool]]
name = "cli"
group = "default"
repository = "dev.ocx.sh/ocx/cli"

[tool.platforms]
"darwin/amd64" = "sha256:4ab509e963ef69b4932a250896adc086097d438251419ed7ef823b4638e08e32"
"darwin/arm64" = "sha256:d72ae0a7ebcfacdc2c0a76bc7a7e975a0e93bd22837eb1125cac1e935ff18659"
"linux/amd64" = "sha256:daab95222b762ff88ed9786603b18f4d40d2769896885cfedf2bacc64478aa19"
"linux/arm64" = "sha256:3f1880bb742dbbde3e8789a20551efd649ce909be2290fd3f9c7dbf089e0a6e1"
"windows/amd64" = "sha256:5fa4ba80c4cdde2c8f8894acff7afb948a1c9c93eff58c000bc52534694dd4bd"
"windows/arm64" = "sha256:db4a860abfda209ce45814c66f7897cc04cb9aeba5154fbc15f7c734acf28082"

[[tool]]
name = "mirror"
group = "default"
repository = "dev.ocx.sh/ocx/mirror"

[tool.platforms]
"darwin/amd64" = "sha256:c8535d100f24e5544fd1a5ed86f5bceb392153eac06f57c23257916f35303340"
"darwin/arm64" = "sha256:8d7fcb064127ce09620942435892be4d43344d497a3586f8c5778e618601fa89"
"linux/amd64" = "sha256:dd3d962c811be278ce99298a256f51766fa3081cd4a2f7c11e88f77a8e1611d9"
"linux/arm64" = "sha256:744ed475af9b747892e9fd07290b16a48ef6ab8c60321cb402cb07b50d0011e2"
"windows/amd64" = "sha256:4411e5aa185dd3feb313a8a8d73ded8c55625534f3a30af8c9e86bbf092e92fc"
"windows/arm64" = "sha256:de73599fae171beb6882fa48a69c68ea7d587db921ae84d0e037c1a5f1e5f7d6"
