[metadata]
lock_version = 2
declaration_hash_version = 1
declaration_hash = "sha256:8a4b81d00ec70fdb930b8f1c5324b27f7087339e3cb903e1d177f26cf1278e55"
generated_by = "ocx 0.4.3"
generated_at = "2026-07-26T21:04:54Z"

[[tool]]
name = "cli"
group = "default"
repository = "dev.ocx.sh/ocx/cli"

[tool.platforms]
"darwin/amd64" = "sha256:f10f56e50e3c31ee35a8b20b86f2b2c71346372f4597e260d2179c0c16617ed1"
"darwin/arm64" = "sha256:2e8f2de027c01aa1e1d53983d32af0d22d82504bbd86f4b4fe0f49e4ef23aa66"
"linux/amd64" = "sha256:20ba418bbb2fa1ddff2fd4a1ac5c5a2605c06be3d21ff24800829bfde7c6ad95"
"linux/arm64" = "sha256:9e1e02cb65ac0d05d8afe57865aa98c87dbd0c7b9a85533aa27bf59e2a8cf123"
"windows/amd64" = "sha256:890048de08000f4dba3dd68037ee2cc6ad68a73d46040cdd0c7c5eaf18f9628f"
"windows/arm64" = "sha256:44bd7169ba53cf92fc1645f31b1a8f6596eed79dd32a11d37dfd4ae3cea8dcce"

[[tool]]
name = "mirror"
group = "default"
repository = "dev.ocx.sh/ocx/mirror"

[tool.platforms]
"darwin/amd64" = "sha256:09b07b173ac0f314c50ac5100414db98468686c76594794d9f9f62cbbe1cc264"
"darwin/arm64" = "sha256:e4e63c4969fdc151b6e970570bbbab51b4b5a0e0d472f9393ae47c4455cc2e72"
"linux/amd64" = "sha256:cf9e68666a199567477d9c728bee0facb67b2bfdd898fc311d18c5772a146348"
"linux/arm64" = "sha256:0a8e03b06e745be678066f0646331c2e8605554232bbdae77854a91be8c782db"
"windows/amd64" = "sha256:9ec98c65e949933e3a68ac0032c51dbe7c2c012fe05d7a364e30081598c0db18"
"windows/arm64" = "sha256:fdb0c96592cd4fcf9a9f94dfa82d6f73dd6596950bf4e8dade2fe84c91b12066"
